
Microsoft Visual Studio Solution File, Format Version 12.00
# Visual Studio 14
VisualStudioVersion = 14.0.25420.1
MinimumVisualStudioVersion = 10.0.40219.1
Project("{8BC9CEB8-8B4A-11D0-8D11-00A0C91BC942}") = "Tasks", "Tasks\Tasks.vcxproj", "{91D2B8C9-7DAA-4A7E-94A3-21D80A899899}"
EndProject
Project("{8BC9CEB8-8B4A-11D0-8D11-00A0C91BC942}") = "ThreadPool", "ThreadPool\ThreadPool.vcxproj", "{F842570D-C4E1-4A8E-9460-54AF52B3B80D}"
EndProject
Project("{8BC9CEB8-8B4A-11D0-8D11-00A0C91BC942}") = "Logger", "Logger\Logger.vcxproj", "{66D2C764-9DA8-4505-B869-8E84E8968F7C}"
EndProject
Global
	GlobalSection(SolutionConfigurationPlatforms) = preSolution
		Debug|x64 = Debug|x64
		Debug|x86 = Debug|x86
		Release|x64 = Release|x64
		Release|x86 = Release|x86
	EndGlobalSection
	GlobalSection(ProjectConfigurationPlatforms) = postSolution
		{91D2B8C9-7DAA-4A7E-94A3-21D80A899899}.Debug|x64.ActiveCfg = Debug|x64
		{91D2B8C9-7DAA-4A7E-94A3-21D80A899899}.Debug|x64.Build.0 = Debug|x64
		{91D2B8C9-7DAA-4A7E-94A3-21D80A899899}.Debug|x86.ActiveCfg = Debug|Win32
		{91D2B8C9-7DAA-4A7E-94A3-21D80A899899}.Debug|x86.Build.0 = Debug|Win32
		{91D2B8C9-7DAA-4A7E-94A3-21D80A899899}.Release|x64.ActiveCfg = Release|x64
		{91D2B8C9-7DAA-4A7E-94A3-21D80A899899}.Release|x64.Build.0 = Release|x64
		{91D2B8C9-7DAA-4A7E-94A3-21D80A899899}.Release|x86.ActiveCfg = Release|Win32
		{91D2B8C9-7DAA-4A7E-94A3-21D80A899899}.Release|x86.Build.0 = Release|Win32
		{F842570D-C4E1-4A8E-9460-54AF52B3B80D}.Debug|x64.ActiveCfg = Debug|x64
		{F842570D-C4E1-4A8E-9460-54AF52B3B80D}.Debug|x64.Build.0 = Debug|x64
		{F842570D-C4E1-4A8E-9460-54AF52B3B80D}.Debug|x86.ActiveCfg = Debug|Win32
		{F842570D-C4E1-4A8E-9460-54AF52B3B80D}.Debug|x86.Build.0 = Debug|Win32
		{F842570D-C4E1-4A8E-9460-54AF52B3B80D}.Release|x64.ActiveCfg = Release|x64
		{F842570D-C4E1-4A8E-9460-54AF52B3B80D}.Release|x64.Build.0 = Release|x64
		{F842570D-C4E1-4A8E-9460-54AF52B3B80D}.Release|x86.ActiveCfg = Release|Win32
		{F842570D-C4E1-4A8E-9460-54AF52B3B80D}.Release|x86.Build.0 = Release|Win32
		{66D2C764-9DA8-4505-B869-8E84E8968F7C}.Debug|x64.ActiveCfg = Debug|x64
		{66D2C764-9DA8-4505-B869-8E84E8968F7C}.Debug|x64.Build.0 = Debug|x64
		{66D2C764-9DA8-4505-B869-8E84E8968F7C}.Debug|x86.ActiveCfg = Debug|Win32
		{66D2C764-9DA8-4505-B869-8E84E8968F7C}.Debug|x86.Build.0 = Debug|Win32
		{66D2C764-9DA8-4505-B869-8E84E8968F7C}.Release|x64.ActiveCfg = Release|x64
		{66D2C764-9DA8-4505-B869-8E84E8968F7C}.Release|x64.Build.0 = Release|x64
		{66D2C764-9DA8-4505-B869-8E84E8968F7C}.Release|x86.ActiveCfg = Release|Win32
		{66D2C764-9DA8-4505-B869-8E84E8968F7C}.Release|x86.Build.0 = Release|Win32
	EndGlobalSection
	GlobalSection(SolutionProperties) = preSolution
		HideSolutionNode = FALSE
	EndGlobalSection
EndGlobal
